// !$*UTF8*$!
{
	archiveVersion = 1;
	classes = {
	};
	objectVersion = 56;
	objects = {

/* Begin PBXBuildFile section */
		CAA22A422A84CD23003E4A83 /* OilAnalizeApp.swift in Sources */ = {isa = PBXBuildFile; fileRef = CAA22A412A84CD23003E4A83 /* OilAnalizeApp.swift */; };
		CAA22A442A84CD23003E4A83 /* ContentView.swift in Sources */ = {isa = PBXBuildFile; fileRef = CAA22A432A84CD23003E4A83 /* ContentView.swift */; };
		CAA22A462A84CD24003E4A83 /* Assets.xcassets in Resources */ = {isa = PBXBuildFile; fileRef = CAA22A452A84CD24003E4A83 /* Assets.xcassets */; };
		CAA22A492A84CD24003E4A83 /* Preview Assets.xcassets in Resources */ = {isa = PBXBuildFile; fileRef = CAA22A482A84CD24003E4A83 /* Preview Assets.xcassets */; };
		CAA22A592A84CE06003E4A83 /* LocationPreviewView.swift in Sources */ = {isa = PBXBuildFile; fileRef = CAA22A542A84CE06003E4A83 /* LocationPreviewView.swift */; };
		CAA22A5A2A84CE06003E4A83 /* LocationDetailView.swift in Sources */ = {isa = PBXBuildFile; fileRef = CAA22A552A84CE06003E4A83 /* LocationDetailView.swift */; };
		CAA22A5B2A84CE06003E4A83 /* LocationsView.swift in Sources */ = {isa = PBXBuildFile; fileRef = CAA22A562A84CE06003E4A83 /* LocationsView.swift */; };
		CAA22A5C2A84CE06003E4A83 /* LocationsListView.swift in Sources */ = {isa = PBXBuildFile; fileRef = CAA22A572A84CE06003E4A83 /* LocationsListView.swift */; };
		CAA22A5D2A84CE06003E4A83 /* LocationMapAnnotationView.swift in Sources */ = {isa = PBXBuildFile; fileRef = CAA22A582A84CE06003E4A83 /* LocationMapAnnotationView.swift */; };
		CAA22A5F2A84CE49003E4A83 /* Location.swift in Sources */ = {isa = PBXBuildFile; fileRef = CAA22A5E2A84CE49003E4A83 /* Location.swift */; };
		CAA22A612A84CE56003E4A83 /* LocationsViewModel.swift in Sources */ = {isa = PBXBuildFile; fileRef = CAA22A602A84CE56003E4A83 /* LocationsViewModel.swift */; };
		CAA22A662A84CF0F003E4A83 /* LocationsDataService.swift in Sources */ = {isa = PBXBuildFile; fileRef = CAA22A652A84CF0F003E4A83 /* LocationsDataService.swift */; };
		CAA22A6A2A850A2A003E4A83 /* DashboardView.swift in Sources */ = {isa = PBXBuildFile; fileRef = CAA22A692A850A2A003E4A83 /* DashboardView.swift */; };
		CAA22A6F2A850A5E003E4A83 /* RoundedShape.swift in Sources */ = {isa = PBXBuildFile; fileRef = CAA22A6C2A850A5E003E4A83 /* RoundedShape.swift */; };
		CAA22A702A850A5E003E4A83 /* Stats.swift in Sources */ = {isa = PBXBuildFile; fileRef = CAA22A6D2A850A5E003E4A83 /* Stats.swift */; };
		CAA22A712A850A5E003E4A83 /* OilData.swift in Sources */ = {isa = PBXBuildFile; fileRef = CAA22A6E2A850A5E003E4A83 /* OilData.swift */; };
		CAA22A742A85F542003E4A83 /* BlurView.swift in Sources */ = {isa = PBXBuildFile; fileRef = CAA22A732A85F542003E4A83 /* BlurView.swift */; };
		CAA22A762A929388003E4A83 /* ProfileView.swift in Sources */ = {isa = PBXBuildFile; fileRef = CAA22A752A929388003E4A83 /* ProfileView.swift */; };
/* End PBXBuildFile section */

/* Begin PBXFileReference section */
		CAA22A3E2A84CD23003E4A83 /* OilAnalize.app */ = {isa = PBXFileReference; explicitFileType = wrapper.application; includeInIndex = 0; path = OilAnalize.app; sourceTree = BUILT_PRODUCTS_DIR; };
		CAA22A412A84CD23003E4A83 /* OilAnalizeApp.swift */ = {isa = PBXFileReference; lastKnownFileType = sourcecode.swift; path = OilAnalizeApp.swift; sourceTree = "<group>"; };
		CAA22A432A84CD23003E4A83 /* ContentView.swift */ = {isa = PBXFileReference; lastKnownFileType = sourcecode.swift; path = ContentView.swift; sourceTree = "<group>"; };
		CAA22A452A84CD24003E4A83 /* Assets.xcassets */ = {isa = PBXFileReference; lastKnownFileType = folder.assetcatalog; path = Assets.xcassets; sourceTree = "<group>"; };
		CAA22A482A84CD24003E4A83 /* Preview Assets.xcassets */ = {isa = PBXFileReference; lastKnownFileType = folder.assetcatalog; path = "Preview Assets.xcassets"; sourceTree = "<group>"; };
		CAA22A542A84CE06003E4A83 /* LocationPreviewView.swift */ = {isa = PBXFileReference; fileEncoding = 4; lastKnownFileType = sourcecode.swift; path = LocationPreviewView.swift; sourceTree = "<group>"; };
		CAA22A552A84CE06003E4A83 /* LocationDetailView.swift */ = {isa = PBXFileReference; fileEncoding = 4; lastKnownFileType = sourcecode.swift; path = LocationDetailView.swift; sourceTree = "<group>"; };
		CAA22A562A84CE06003E4A83 /* LocationsView.swift */ = {isa = PBXFileReference; fileEncoding = 4; lastKnownFileType = sourcecode.swift; path = LocationsView.swift; sourceTree = "<group>"; };
		CAA22A572A84CE06003E4A83 /* LocationsListView.swift */ = {isa = PBXFileReference; fileEncoding = 4; lastKnownFileType = sourcecode.swift; path = LocationsListView.swift; sourceTree = "<group>"; };
		CAA22A582A84CE06003E4A83 /* LocationMapAnnotationView.swift */ = {isa = PBXFileReference; fileEncoding = 4; lastKnownFileType = sourcecode.swift; path = LocationMapAnnotationView.swift; sourceTree = "<group>"; };
		CAA22A5E2A84CE49003E4A83 /* Location.swift */ = {isa = PBXFileReference; fileEncoding = 4; lastKnownFileType = sourcecode.swift; path = Location.swift; sourceTree = "<group>"; };
		CAA22A602A84CE56003E4A83 /* LocationsViewModel.swift */ = {isa = PBXFileReference; fileEncoding = 4; lastKnownFileType = sourcecode.swift; path = LocationsViewModel.swift; sourceTree = "<group>"; };
		CAA22A652A84CF0F003E4A83 /* LocationsDataService.swift */ = {isa = PBXFileReference; fileEncoding = 4; lastKnownFileType = sourcecode.swift; path = LocationsDataService.swift; sourceTree = "<group>"; };
		CAA22A692A850A2A003E4A83 /* DashboardView.swift */ = {isa = PBXFileReference; fileEncoding = 4; lastKnownFileType = sourcecode.swift; path = DashboardView.swift; sourceTree = "<group>"; };
		CAA22A6C2A850A5E003E4A83 /* RoundedShape.swift */ = {isa = PBXFileReference; fileEncoding = 4; lastKnownFileType = sourcecode.swift; path = RoundedShape.swift; sourceTree = "<group>"; };
		CAA22A6D2A850A5E003E4A83 /* Stats.swift */ = {isa = PBXFileReference; fileEncoding = 4; lastKnownFileType = sourcecode.swift; path = Stats.swift; sourceTree = "<group>"; };
		CAA22A6E2A850A5E003E4A83 /* OilData.swift */ = {isa = PBXFileReference; fileEncoding = 4; lastKnownFileType = sourcecode.swift; path = OilData.swift; sourceTree = "<group>"; };
		CAA22A732A85F542003E4A83 /* BlurView.swift */ = {isa = PBXFileReference; lastKnownFileType = sourcecode.swift; path = BlurView.swift; sourceTree = "<group>"; };
		CAA22A752A929388003E4A83 /* ProfileView.swift */ = {isa = PBXFileReference; lastKnownFileType = sourcecode.swift; path = ProfileView.swift; sourceTree = "<group>"; };
/* End PBXFileReference section */

/* Begin PBXFrameworksBuildPhase section */
		CAA22A3B2A84CD23003E4A83 /* Frameworks */ = {
			isa = PBXFrameworksBuildPhase;
			buildActionMask = 2147483647;
			files = (
			);
			runOnlyForDeploymentPostprocessing = 0;
		};
/* End PBXFrameworksBuildPhase section */

/* Begin PBXGroup section */
		CAA22A352A84CD23003E4A83 = {
			isa = PBXGroup;
			children = (
				CAA22A402A84CD23003E4A83 /* OilAnalize */,
				CAA22A3F2A84CD23003E4A83 /* Products */,
			);
			sourceTree = "<group>";
		};
		CAA22A3F2A84CD23003E4A83 /* Products */ = {
			isa = PBXGroup;
			children = (
				CAA22A3E2A84CD23003E4A83 /* OilAnalize.app */,
			);
			name = Products;
			sourceTree = "<group>";
		};
		CAA22A402A84CD23003E4A83 /* OilAnalize */ = {
			isa = PBXGroup;
			children = (
				CAA22A412A84CD23003E4A83 /* OilAnalizeApp.swift */,
				CAA22A432A84CD23003E4A83 /* ContentView.swift */,
				CAA22A642A84CEE1003E4A83 /* DataServices */,
				CAA22A4F2A84CDA0003E4A83 /* Views */,
				CAA22A522A84CDB4003E4A83 /* ViewModels */,
				CAA22A512A84CDAB003E4A83 /* Models */,
				CAA22A452A84CD24003E4A83 /* Assets.xcassets */,
				CAA22A472A84CD24003E4A83 /* Preview Content */,
			);
			path = OilAnalize;
			sourceTree = "<group>";
		};
		CAA22A472A84CD24003E4A83 /* Preview Content */ = {
			isa = PBXGroup;
			children = (
				CAA22A482A84CD24003E4A83 /* Preview Assets.xcassets */,
			);
			path = "Preview Content";
			sourceTree = "<group>";
		};
		CAA22A4F2A84CDA0003E4A83 /* Views */ = {
			isa = PBXGroup;
			children = (
				CAA22A752A929388003E4A83 /* ProfileView.swift */,
				CAA22A6B2A850A2F003E4A83 /* DashBoard */,
				CAA22A532A84CDC7003E4A83 /* Locations */,
			);
			path = Views;
			sourceTree = "<group>";
		};
		CAA22A512A84CDAB003E4A83 /* Models */ = {
			isa = PBXGroup;
			children = (
				CAA22A6D2A850A5E003E4A83 /* Stats.swift */,
				CAA22A5E2A84CE49003E4A83 /* Location.swift */,
				CAA22A6E2A850A5E003E4A83 /* OilData.swift */,
			);
			path = Models;
			sourceTree = "<group>";
		};
		CAA22A522A84CDB4003E4A83 /* ViewModels */ = {
			isa = PBXGroup;
			children = (
				CAA22A602A84CE56003E4A83 /* LocationsViewModel.swift */,
			);
			path = ViewModels;
			sourceTree = "<group>";
		};
		CAA22A532A84CDC7003E4A83 /* Locations */ = {
			isa = PBXGroup;
			children = (
				CAA22A552A84CE06003E4A83 /* LocationDetailView.swift */,
				CAA22A582A84CE06003E4A83 /* LocationMapAnnotationView.swift */,
				CAA22A542A84CE06003E4A83 /* LocationPreviewView.swift */,
				CAA22A572A84CE06003E4A83 /* LocationsListView.swift */,
				CAA22A562A84CE06003E4A83 /* LocationsView.swift */,
			);
			path = Locations;
			sourceTree = "<group>";
		};
		CAA22A642A84CEE1003E4A83 /* DataServices */ = {
			isa = PBXGroup;
			children = (
				CAA22A652A84CF0F003E4A83 /* LocationsDataService.swift */,
			);
			path = DataServices;
			sourceTree = "<group>";
		};
		CAA22A6B2A850A2F003E4A83 /* DashBoard */ = {
			isa = PBXGroup;
			children = (
				CAA22A692A850A2A003E4A83 /* DashboardView.swift */,
				CAA22A732A85F542003E4A83 /* BlurView.swift */,
				CAA22A6C2A850A5E003E4A83 /* RoundedShape.swift */,
			);
			path = DashBoard;
			sourceTree = "<group>";
		};
/* End PBXGroup section */

/* Begin PBXNativeTarget section */
		CAA22A3D2A84CD23003E4A83 /* OilAnalize */ = {
			isa = PBXNativeTarget;
			buildConfigurationList = CAA22A4C2A84CD24003E4A83 /* Build configuration list for PBXNativeTarget "OilAnalize" */;
			buildPhases = (
				CAA22A3A2A84CD23003E4A83 /* Sources */,
				CAA22A3B2A84CD23003E4A83 /* Frameworks */,
				CAA22A3C2A84CD23003E4A83 /* Resources */,
			);
			buildRules = (
			);
			dependencies = (
			);
			name = OilAnalize;
			productName = OilAnalize;
			productReference = CAA22A3E2A84CD23003E4A83 /* OilAnalize.app */;
			productType = "com.apple.product-type.application";
		};
/* End PBXNativeTarget section */

/* Begin PBXProject section */
		CAA22A362A84CD23003E4A83 /* Project object */ = {
			isa = PBXProject;
			attributes = {
				BuildIndependentTargetsInParallel = 1;
				LastSwiftUpdateCheck = 1430;
				LastUpgradeCheck = 1430;
				TargetAttributes = {
					CAA22A3D2A84CD23003E4A83 = {
						CreatedOnToolsVersion = 14.3.1;
					};
				};
			};
			buildConfigurationList = CAA22A392A84CD23003E4A83 /* Build configuration list for PBXProject "OilAnalize" */;
			compatibilityVersion = "Xcode 14.0";
			developmentRegion = en;
			hasScannedForEncodings = 0;
			knownRegions = (
				en,
				Base,
			);
			mainGroup = CAA22A352A84CD23003E4A83;
			productRefGroup = CAA22A3F2A84CD23003E4A83 /* Products */;
			projectDirPath = "";
			projectRoot = "";
			targets = (
				CAA22A3D2A84CD23003E4A83 /* OilAnalize */,
			);
		};
/* End PBXProject section */

/* Begin PBXResourcesBuildPhase section */
		CAA22A3C2A84CD23003E4A83 /* Resources */ = {
			isa = PBXResourcesBuildPhase;
			buildActionMask = 2147483647;
			files = (
				CAA22A492A84CD24003E4A83 /* Preview Assets.xcassets in Resources */,
				CAA22A462A84CD24003E4A83 /* Assets.xcassets in Resources */,
			);
			runOnlyForDeploymentPostprocessing = 0;
		};
/* End PBXResourcesBuildPhase section */

/* Begin PBXSourcesBuildPhase section */
		CAA22A3A2A84CD23003E4A83 /* Sources */ = {
			isa = PBXSourcesBuildPhase;
			buildActionMask = 2147483647;
			files = (
				CAA22A442A84CD23003E4A83 /* ContentView.swift in Sources */,
				CAA22A712A850A5E003E4A83 /* OilData.swift in Sources */,
				CAA22A5D2A84CE06003E4A83 /* LocationMapAnnotationView.swift in Sources */,
				CAA22A5F2A84CE49003E4A83 /* Location.swift in Sources */,
				CAA22A702A850A5E003E4A83 /* Stats.swift in Sources */,
				CAA22A592A84CE06003E4A83 /* LocationPreviewView.swift in Sources */,
				CAA22A662A84CF0F003E4A83 /* LocationsDataService.swift in Sources */,
				CAA22A612A84CE56003E4A83 /* LocationsViewModel.swift in Sources */,
				CAA22A5B2A84CE06003E4A83 /* LocationsView.swift in Sources */,
				CAA22A762A929388003E4A83 /* ProfileView.swift in Sources */,
				CAA22A742A85F542003E4A83 /* BlurView.swift in Sources */,
				CAA22A6F2A850A5E003E4A83 /* RoundedShape.swift in Sources */,
				CAA22A5C2A84CE06003E4A83 /* LocationsListView.swift in Sources */,
				CAA22A6A2A850A2A003E4A83 /* DashboardView.swift in Sources */,
				CAA22A5A2A84CE06003E4A83 /* LocationDetailView.swift in Sources */,
				CAA22A422A84CD23003E4A83 /* OilAnalizeApp.swift in Sources */,
			);
			runOnlyForDeploymentPostprocessing = 0;
		};
/* End PBXSourcesBuildPhase section */

/* Begin XCBuildConfiguration section */
		CAA22A4A2A84CD24003E4A83 /* Debug */ = {
			isa = XCBuildConfiguration;
			buildSettings = {
				ALWAYS_SEARCH_USER_PATHS = NO;
				CLANG_ANALYZER_NONNULL = YES;
				CLANG_ANALYZER_NUMBER_OBJECT_CONVERSION = YES_AGGRESSIVE;
				CLANG_CXX_LANGUAGE_STANDARD = "gnu++20";
				CLANG_ENABLE_MODULES = YES;
				CLANG_ENABLE_OBJC_ARC = YES;
				CLANG_ENABLE_OBJC_WEAK = YES;
				CLANG_WARN_BLOCK_CAPTURE_AUTORELEASING = YES;
				CLANG_WARN_BOOL_CONVERSION = YES;
				CLANG_WARN_COMMA = YES;
				CLANG_WARN_CONSTANT_CONVERSION = YES;
				CLANG_WARN_DEPRECATED_OBJC_IMPLEMENTATIONS = YES;
				CLANG_WARN_DIRECT_OBJC_ISA_USAGE = YES_ERROR;
				CLANG_WARN_DOCUMENTATION_COMMENTS = YES;
				CLANG_WARN_EMPTY_BODY = YES;
				CLANG_WARN_ENUM_CONVERSION = YES;
				CLANG_WARN_INFINITE_RECURSION = YES;
				CLANG_WARN_INT_CONVERSION = YES;
				CLANG_WARN_NON_LITERAL_NULL_CONVERSION = YES;
				CLANG_WARN_OBJC_IMPLICIT_RETAIN_SELF = YES;
				CLANG_WARN_OBJC_LITERAL_CONVERSION = YES;
				CLANG_WARN_OBJC_ROOT_CLASS = YES_ERROR;
				CLANG_WARN_QUOTED_INCLUDE_IN_FRAMEWORK_HEADER = YES;
				CLANG_WARN_RANGE_LOOP_ANALYSIS = YES;
				CLANG_WARN_STRICT_PROTOTYPES = YES;
				CLANG_WARN_SUSPICIOUS_MOVE = YES;
				CLANG_WARN_UNGUARDED_AVAILABILITY = YES_AGGRESSIVE;
				CLANG_WARN_UNREACHABLE_CODE = YES;
				CLANG_WARN__DUPLICATE_METHOD_MATCH = YES;
				COPY_PHASE_STRIP = NO;
				DEBUG_INFORMATION_FORMAT = dwarf;
				ENABLE_STRICT_OBJC_MSGSEND = YES;
				ENABLE_TESTABILITY = YES;
				GCC_C_LANGUAGE_STANDARD = gnu11;
				GCC_DYNAMIC_NO_PIC = NO;
				GCC_NO_COMMON_BLOCKS = YES;
				GCC_OPTIMIZATION_LEVEL = 0;
				GCC_PREPROCESSOR_DEFINITIONS = (
					"DEBUG=1",
					"$(inherited)",
				);
				GCC_WARN_64_TO_32_BIT_CONVERSION = YES;
				GCC_WARN_ABOUT_RETURN_TYPE = YES_ERROR;
				GCC_WARN_UNDECLARED_SELECTOR = YES;
				GCC_WARN_UNINITIALIZED_AUTOS = YES_AGGRESSIVE;
				GCC_WARN_UNUSED_FUNCTION = YES;
				GCC_WARN_UNUSED_VARIABLE = YES;
				IPHONEOS_DEPLOYMENT_TARGET = 16.4;
				MTL_ENABLE_DEBUG_INFO = INCLUDE_SOURCE;
				MTL_FAST_MATH = YES;
				ONLY_ACTIVE_ARCH = YES;
				SDKROOT = iphoneos;
				SWIFT_ACTIVE_COMPILATION_CONDITIONS = DEBUG;
				SWIFT_OPTIMIZATION_LEVEL = "-Onone";
			};
			name = Debug;
		};
		CAA22A4B2A84CD24003E4A83 /* Release */ = {
			isa = XCBuildConfiguration;
			buildSettings = {
				ALWAYS_SEARCH_USER_PATHS = NO;
				CLANG_ANALYZER_NONNULL = YES;
				CLANG_ANALYZER_NUMBER_OBJECT_CONVERSION = YES_AGGRESSIVE;
				CLANG_CXX_LANGUAGE_STANDARD = "gnu++20";
				CLANG_ENABLE_MODULES = YES;
				CLANG_ENABLE_OBJC_ARC = YES;
				CLANG_ENABLE_OBJC_WEAK = YES;
				CLANG_WARN_BLOCK_CAPTURE_AUTORELEASING = YES;
				CLANG_WARN_BOOL_CONVERSION = YES;
				CLANG_WARN_COMMA = YES;
				CLANG_WARN_CONSTANT_CONVERSION = YES;
				CLANG_WARN_DEPRECATED_OBJC_IMPLEMENTATIONS = YES;
				CLANG_WARN_DIRECT_OBJC_ISA_USAGE = YES_ERROR;
				CLANG_WARN_DOCUMENTATION_COMMENTS = YES;
				CLANG_WARN_EMPTY_BODY = YES;
				CLANG_WARN_ENUM_CONVERSION = YES;
				CLANG_WARN_INFINITE_RECURSION = YES;
				CLANG_WARN_INT_CONVERSION = YES;
				CLANG_WARN_NON_LITERAL_NULL_CONVERSION = YES;
				CLANG_WARN_OBJC_IMPLICIT_RETAIN_SELF = YES;
				CLANG_WARN_OBJC_LITERAL_CONVERSION = YES;
				CLANG_WARN_OBJC_ROOT_CLASS = YES_ERROR;
				CLANG_WARN_QUOTED_INCLUDE_IN_FRAMEWORK_HEADER = YES;
				CLANG_WARN_RANGE_LOOP_ANALYSIS = YES;
				CLANG_WARN_STRICT_PROTOTYPES = YES;
				CLANG_WARN_SUSPICIOUS_MOVE = YES;
				CLANG_WARN_UNGUARDED_AVAILABILITY = YES_AGGRESSIVE;
				CLANG_WARN_UNREACHABLE_CODE = YES;
				CLANG_WARN__DUPLICATE_METHOD_MATCH = YES;
				COPY_PHASE_STRIP = NO;
				DEBUG_INFORMATION_FORMAT = "dwarf-with-dsym";
				ENABLE_NS_ASSERTIONS = NO;
				ENABLE_STRICT_OBJC_MSGSEND = YES;
				GCC_C_LANGUAGE_STANDARD = gnu11;
				GCC_NO_COMMON_BLOCKS = YES;
				GCC_WARN_64_TO_32_BIT_CONVERSION = YES;
				GCC_WARN_ABOUT_RETURN_TYPE = YES_ERROR;
				GCC_WARN_UNDECLARED_SELECTOR = YES;
				GCC_WARN_UNINITIALIZED_AUTOS = YES_AGGRESSIVE;
				GCC_WARN_UNUSED_FUNCTION = YES;
				GCC_WARN_UNUSED_VARIABLE = YES;
				IPHONEOS_DEPLOYMENT_TARGET = 16.4;
				MTL_ENABLE_DEBUG_INFO = NO;
				MTL_FAST_MATH = YES;
				SDKROOT = iphoneos;
				SWIFT_COMPILATION_MODE = wholemodule;
				SWIFT_OPTIMIZATION_LEVEL = "-O";
				VALIDATE_PRODUCT = YES;
			};
			name = Release;
		};
		CAA22A4D2A84CD24003E4A83 /* Debug */ = {
			isa = XCBuildConfiguration;
			buildSettings = {
				ASSETCATALOG_COMPILER_APPICON_NAME = AppIcon;
				ASSETCATALOG_COMPILER_GLOBAL_ACCENT_COLOR_NAME = AccentColor;
				CODE_SIGN_STYLE = Automatic;
				CURRENT_PROJECT_VERSION = 1;
				DEVELOPMENT_ASSET_PATHS = "\"OilAnalize/Preview Content\"";
				DEVELOPMENT_TEAM = DV44CNGRPD;
				ENABLE_PREVIEWS = YES;
				GENERATE_INFOPLIST_FILE = YES;
				INFOPLIST_KEY_UIApplicationSceneManifest_Generation = YES;
				INFOPLIST_KEY_UIApplicationSupportsIndirectInputEvents = YES;
				INFOPLIST_KEY_UILaunchScreen_Generation = YES;
				INFOPLIST_KEY_UISupportedInterfaceOrientations_iPad = "UIInterfaceOrientationPortrait UIInterfaceOrientationPortraitUpsideDown UIInterfaceOrientationLandscapeLeft UIInterfaceOrientationLandscapeRight";
				INFOPLIST_KEY_UISupportedInterfaceOrientations_iPhone = "UIInterfaceOrientationPortrait UIInterfaceOrientationLandscapeLeft UIInterfaceOrientationLandscapeRight";
				LD_RUNPATH_SEARCH_PATHS = (
					"$(inherited)",
					"@executable_path/Frameworks",
				);
				MARKETING_VERSION = 1.0;
				PRODUCT_BUNDLE_IDENTIFIER = Ruish.OilAnalize;
				PRODUCT_NAME = "$(TARGET_NAME)";
				SWIFT_EMIT_LOC_STRINGS = YES;
				SWIFT_VERSION = 5.0;
				TARGETED_DEVICE_FAMILY = "1,2";
			};
			name = Debug;
		};
		CAA22A4E2A84CD24003E4A83 /* Release */ = {
			isa = XCBuildConfiguration;
			buildSettings = {
				ASSETCATALOG_COMPILER_APPICON_NAME = AppIcon;
				ASSETCATALOG_COMPILER_GLOBAL_ACCENT_COLOR_NAME = AccentColor;
				CODE_SIGN_STYLE = Automatic;
				CURRENT_PROJECT_VERSION = 1;
				DEVELOPMENT_ASSET_PATHS = "\"OilAnalize/Preview Content\"";
				DEVELOPMENT_TEAM = DV44CNGRPD;
				ENABLE_PREVIEWS = YES;
				GENERATE_INFOPLIST_FILE = YES;
				INFOPLIST_KEY_UIApplicationSceneManifest_Generation = YES;
				INFOPLIST_KEY_UIApplicationSupportsIndirectInputEvents = YES;
				INFOPLIST_KEY_UILaunchScreen_Generation = YES;
				INFOPLIST_KEY_UISupportedInterfaceOrientations_iPad = "UIInterfaceOrientationPortrait UIInterfaceOrientationPortraitUpsideDown UIInterfaceOrientationLandscapeLeft UIInterfaceOrientationLandscapeRight";
				INFOPLIST_KEY_UISupportedInterfaceOrientations_iPhone = "UIInterfaceOrientationPortrait UIInterfaceOrientationLandscapeLeft UIInterfaceOrientationLandscapeRight";
				LD_RUNPATH_SEARCH_PATHS = (
					"$(inherited)",
					"@executable_path/Frameworks",
				);
				MARKETING_VERSION = 1.0;
				PRODUCT_BUNDLE_IDENTIFIER = Ruish.OilAnalize;
				PRODUCT_NAME = "$(TARGET_NAME)";
				SWIFT_EMIT_LOC_STRINGS = YES;
				SWIFT_VERSION = 5.0;
				TARGETED_DEVICE_FAMILY = "1,2";
			};
			name = Release;
		};
/* End XCBuildConfiguration section */

/* Begin XCConfigurationList section */
		CAA22A392A84CD23003E4A83 /* Build configuration list for PBXProject "OilAnalize" */ = {
			isa = XCConfigurationList;
			buildConfigurations = (
				CAA22A4A2A84CD24003E4A83 /* Debug */,
				CAA22A4B2A84CD24003E4A83 /* Release */,
			);
			defaultConfigurationIsVisible = 0;
			defaultConfigurationName = Release;
		};
		CAA22A4C2A84CD24003E4A83 /* Build configuration list for PBXNativeTarget "OilAnalize" */ = {
			isa = XCConfigurationList;
			buildConfigurations = (
				CAA22A4D2A84CD24003E4A83 /* Debug */,
				CAA22A4E2A84CD24003E4A83 /* Release */,
			);
			defaultConfigurationIsVisible = 0;
			defaultConfigurationName = Release;
		};
/* End XCConfigurationList section */
	};
	rootObject = CAA22A362A84CD23003E4A83 /* Project object */;
}
